
Microsoft Visual Studio Solution File, Format Version 12.00
# Visual Studio Version 17
VisualStudioVersion = 17.10.35004.147
MinimumVisualStudioVersion = 10.0.40219.1
Project("{9A19103F-16F7-4668-BE54-9A1E7A4F7556}") = "RouteGraphBackend", "RouteGraphBackend\RouteGraphBackend.csproj", "{8A829823-E995-4637-8D60-BB61CBA4979F}"
EndProject
Global
	GlobalSection(SolutionConfigurationPlatforms) = preSolution
		Debug|Any CPU = Debug|Any CPU
		Release|Any CPU = Release|Any CPU
	EndGlobalSection
	GlobalSection(ProjectConfigurationPlatforms) = postSolution
		{8A829823-E995-4637-8D60-BB61CBA4979F}.Debug|Any CPU.ActiveCfg = Debug|Any CPU
		{8A829823-E995-4637-8D60-BB61CBA4979F}.Debug|Any CPU.Build.0 = Debug|Any CPU
		{8A829823-E995-4637-8D60-BB61CBA4979F}.Release|Any CPU.ActiveCfg = Release|Any CPU
		{8A829823-E995-4637-8D60-BB61CBA4979F}.Release|Any CPU.Build.0 = Release|Any CPU
	EndGlobalSection
	GlobalSection(SolutionProperties) = preSolution
		HideSolutionNode = FALSE
	EndGlobalSection
	GlobalSection(ExtensibilityGlobals) = postSolution
		SolutionGuid = {30B87B81-98CE-46BB-A3B1-E7C6F95D8E4B}
	EndGlobalSection
EndGlobal
